// !$*UTF8*$!
{
	archiveVersion = 1;
	classes = {
	};
	objectVersion = 50;
	objects = {

/* Begin PBXBuildFile section */
		A158571426B197FA00BA8D3E /* main.swift in Sources */ = {isa = PBXBuildFile; fileRef = A158571326B197FA00BA8D3E /* main.swift */; };
		A158572226B1981800BA8D3E /* main.swift in Sources */ = {isa = PBXBuildFile; fileRef = A158572126B1981800BA8D3E /* main.swift */; };
		A158572926B1983700BA8D3E /* String+DPStringTool.swift in Sources */ = {isa = PBXBuildFile; fileRef = A158572826B1983700BA8D3E /* String+DPStringTool.swift */; };
		A158573326B4105600BA8D3E /* main.swift in Sources */ = {isa = PBXBuildFile; fileRef = A158573226B4105600BA8D3E /* main.swift */; };
		A158574126B9629000BA8D3E /* CrawlHelper.swift in Sources */ = {isa = PBXBuildFile; fileRef = A158574026B9629000BA8D3E /* CrawlHelper.swift */; };
		A15857B126BADC8600BA8D3E /* main.swift in Sources */ = {isa = PBXBuildFile; fileRef = A15857B026BADC8600BA8D3E /* main.swift */; };
		A15857BA26BADC9F00BA8D3E /* QuickSort.swift in Sources */ = {isa = PBXBuildFile; fileRef = A15857B926BADC9F00BA8D3E /* QuickSort.swift */; };
/* End PBXBuildFile section */

/* Begin PBXCopyFilesBuildPhase section */
		A158570E26B197FA00BA8D3E /* CopyFiles */ = {
			isa = PBXCopyFilesBuildPhase;
			buildActionMask = 2147483647;
			dstPath = /usr/share/man/man1/;
			dstSubfolderSpec = 0;
			files = (
			);
			runOnlyForDeploymentPostprocessing = 1;
		};
		A158571D26B1981800BA8D3E /* CopyFiles */ = {
			isa = PBXCopyFilesBuildPhase;
			buildActionMask = 2147483647;
			dstPath = /usr/share/man/man1/;
			dstSubfolderSpec = 0;
			files = (
			);
			runOnlyForDeploymentPostprocessing = 1;
		};
		A158572E26B4105600BA8D3E /* CopyFiles */ = {
			isa = PBXCopyFilesBuildPhase;
			buildActionMask = 2147483647;
			dstPath = /usr/share/man/man1/;
			dstSubfolderSpec = 0;
			files = (
			);
			runOnlyForDeploymentPostprocessing = 1;
		};
		A15857AC26BADC8600BA8D3E /* CopyFiles */ = {
			isa = PBXCopyFilesBuildPhase;
			buildActionMask = 2147483647;
			dstPath = /usr/share/man/man1/;
			dstSubfolderSpec = 0;
			files = (
			);
			runOnlyForDeploymentPostprocessing = 1;
		};
/* End PBXCopyFilesBuildPhase section */

/* Begin PBXFileReference section */
		A158571026B197FA00BA8D3E /* SwiftAlgorithm */ = {isa = PBXFileReference; explicitFileType = "compiled.mach-o.executable"; includeInIndex = 0; path = SwiftAlgorithm; sourceTree = BUILT_PRODUCTS_DIR; };
		A158571326B197FA00BA8D3E /* main.swift */ = {isa = PBXFileReference; lastKnownFileType = sourcecode.swift; path = main.swift; sourceTree = "<group>"; };
		A158571F26B1981800BA8D3E /* Assignment1-Evaluation */ = {isa = PBXFileReference; explicitFileType = "compiled.mach-o.executable"; includeInIndex = 0; path = "Assignment1-Evaluation"; sourceTree = BUILT_PRODUCTS_DIR; };
		A158572126B1981800BA8D3E /* main.swift */ = {isa = PBXFileReference; lastKnownFileType = sourcecode.swift; path = main.swift; sourceTree = "<group>"; };
		A158572826B1983700BA8D3E /* String+DPStringTool.swift */ = {isa = PBXFileReference; fileEncoding = 4; lastKnownFileType = sourcecode.swift; path = "String+DPStringTool.swift"; sourceTree = "<group>"; };
		A158573026B4105600BA8D3E /* MiniProject1-Crawl */ = {isa = PBXFileReference; explicitFileType = "compiled.mach-o.executable"; includeInIndex = 0; path = "MiniProject1-Crawl"; sourceTree = BUILT_PRODUCTS_DIR; };
		A158573226B4105600BA8D3E /* main.swift */ = {isa = PBXFileReference; lastKnownFileType = sourcecode.swift; path = main.swift; sourceTree = "<group>"; };
		A158574026B9629000BA8D3E /* CrawlHelper.swift */ = {isa = PBXFileReference; lastKnownFileType = sourcecode.swift; path = CrawlHelper.swift; sourceTree = "<group>"; };
		A15857AE26BADC8600BA8D3E /* QuickSort */ = {isa = PBXFileReference; explicitFileType = "compiled.mach-o.executable"; includeInIndex = 0; path = QuickSort; sourceTree = BUILT_PRODUCTS_DIR; };
		A15857B026BADC8600BA8D3E /* main.swift */ = {isa = PBXFileReference; lastKnownFileType = sourcecode.swift; path = main.swift; sourceTree = "<group>"; };
		A15857B926BADC9F00BA8D3E /* QuickSort.swift */ = {isa = PBXFileReference; lastKnownFileType = sourcecode.swift; path = QuickSort.swift; sourceTree = "<group>"; };
/* End PBXFileReference section */

/* Begin PBXFrameworksBuildPhase section */
		A158570D26B197FA00BA8D3E /* Frameworks */ = {
			isa = PBXFrameworksBuildPhase;
			buildActionMask = 2147483647;
			files = (
			);
			runOnlyForDeploymentPostprocessing = 0;
		};
		A158571C26B1981800BA8D3E /* Frameworks */ = {
			isa = PBXFrameworksBuildPhase;
			buildActionMask = 2147483647;
			files = (
			);
			runOnlyForDeploymentPostprocessing = 0;
		};
		A158572D26B4105600BA8D3E /* Frameworks */ = {
			isa = PBXFrameworksBuildPhase;
			buildActionMask = 2147483647;
			files = (
			);
			runOnlyForDeploymentPostprocessing = 0;
		};
		A15857AB26BADC8600BA8D3E /* Frameworks */ = {
			isa = PBXFrameworksBuildPhase;
			buildActionMask = 2147483647;
			files = (
			);
			runOnlyForDeploymentPostprocessing = 0;
		};
/* End PBXFrameworksBuildPhase section */

/* Begin PBXGroup section */
		A158570726B197FA00BA8D3E = {
			isa = PBXGroup;
			children = (
				A158571226B197FA00BA8D3E /* SwiftAlgorithm */,
				A158572026B1981800BA8D3E /* Assignment1-Evaluation */,
				A158573126B4105600BA8D3E /* MiniProject1-Crawl */,
				A15857AF26BADC8600BA8D3E /* QuickSort */,
				A158571126B197FA00BA8D3E /* Products */,
			);
			sourceTree = "<group>";
		};
		A158571126B197FA00BA8D3E /* Products */ = {
			isa = PBXGroup;
			children = (
				A158571026B197FA00BA8D3E /* SwiftAlgorithm */,
				A158571F26B1981800BA8D3E /* Assignment1-Evaluation */,
				A158573026B4105600BA8D3E /* MiniProject1-Crawl */,
				A15857AE26BADC8600BA8D3E /* QuickSort */,
			);
			name = Products;
			sourceTree = "<group>";
		};
		A158571226B197FA00BA8D3E /* SwiftAlgorithm */ = {
			isa = PBXGroup;
			children = (
				A158571326B197FA00BA8D3E /* main.swift */,
			);
			path = SwiftAlgorithm;
			sourceTree = "<group>";
		};
		A158572026B1981800BA8D3E /* Assignment1-Evaluation */ = {
			isa = PBXGroup;
			children = (
				A158572826B1983700BA8D3E /* String+DPStringTool.swift */,
				A158572126B1981800BA8D3E /* main.swift */,
			);
			path = "Assignment1-Evaluation";
			sourceTree = "<group>";
		};
		A158573126B4105600BA8D3E /* MiniProject1-Crawl */ = {
			isa = PBXGroup;
			children = (
				A158573226B4105600BA8D3E /* main.swift */,
				A158574026B9629000BA8D3E /* CrawlHelper.swift */,
			);
			path = "MiniProject1-Crawl";
			sourceTree = "<group>";
		};
		A15857AF26BADC8600BA8D3E /* QuickSort */ = {
			isa = PBXGroup;
			children = (
				A15857B026BADC8600BA8D3E /* main.swift */,
				A15857B926BADC9F00BA8D3E /* QuickSort.swift */,
			);
			path = QuickSort;
			sourceTree = "<group>";
		};
/* End PBXGroup section */

/* Begin PBXNativeTarget section */
		A158570F26B197FA00BA8D3E /* SwiftAlgorithm */ = {
			isa = PBXNativeTarget;
			buildConfigurationList = A158571726B197FA00BA8D3E /* Build configuration list for PBXNativeTarget "SwiftAlgorithm" */;
			buildPhases = (
				A158570C26B197FA00BA8D3E /* Sources */,
				A158570D26B197FA00BA8D3E /* Frameworks */,
				A158570E26B197FA00BA8D3E /* CopyFiles */,
			);
			buildRules = (
			);
			dependencies = (
			);
			name = SwiftAlgorithm;
			productName = SwiftAlgorithm;
			productReference = A158571026B197FA00BA8D3E /* SwiftAlgorithm */;
			productType = "com.apple.product-type.tool";
		};
		A158571E26B1981800BA8D3E /* Assignment1-Evaluation */ = {
			isa = PBXNativeTarget;
			buildConfigurationList = A158572326B1981800BA8D3E /* Build configuration list for PBXNativeTarget "Assignment1-Evaluation" */;
			buildPhases = (
				A158571B26B1981800BA8D3E /* Sources */,
				A158571C26B1981800BA8D3E /* Frameworks */,
				A158571D26B1981800BA8D3E /* CopyFiles */,
			);
			buildRules = (
			);
			dependencies = (
			);
			name = "Assignment1-Evaluation";
			productName = "Assignment1-Evaluation";
			productReference = A158571F26B1981800BA8D3E /* Assignment1-Evaluation */;
			productType = "com.apple.product-type.tool";
		};
		A158572F26B4105600BA8D3E /* MiniProject1-Crawl */ = {
			isa = PBXNativeTarget;
			buildConfigurationList = A158573426B4105600BA8D3E /* Build configuration list for PBXNativeTarget "MiniProject1-Crawl" */;
			buildPhases = (
				A158572C26B4105600BA8D3E /* Sources */,
				A158572D26B4105600BA8D3E /* Frameworks */,
				A158572E26B4105600BA8D3E /* CopyFiles */,
			);
			buildRules = (
			);
			dependencies = (
			);
			name = "MiniProject1-Crawl";
			productName = "MiniProject1-Crawl";
			productReference = A158573026B4105600BA8D3E /* MiniProject1-Crawl */;
			productType = "com.apple.product-type.tool";
		};
		A15857AD26BADC8600BA8D3E /* QuickSort */ = {
			isa = PBXNativeTarget;
			buildConfigurationList = A15857B226BADC8600BA8D3E /* Build configuration list for PBXNativeTarget "QuickSort" */;
			buildPhases = (
				A15857AA26BADC8600BA8D3E /* Sources */,
				A15857AB26BADC8600BA8D3E /* Frameworks */,
				A15857AC26BADC8600BA8D3E /* CopyFiles */,
			);
			buildRules = (
			);
			dependencies = (
			);
			name = QuickSort;
			productName = QuickSort;
			productReference = A15857AE26BADC8600BA8D3E /* QuickSort */;
			productType = "com.apple.product-type.tool";
		};
/* End PBXNativeTarget section */

/* Begin PBXProject section */
		A158570826B197FA00BA8D3E /* Project object */ = {
			isa = PBXProject;
			attributes = {
				LastSwiftUpdateCheck = 1240;
				LastUpgradeCheck = 1240;
				TargetAttributes = {
					A158570F26B197FA00BA8D3E = {
						CreatedOnToolsVersion = 12.4;
					};
					A158571E26B1981800BA8D3E = {
						CreatedOnToolsVersion = 12.4;
					};
					A158572F26B4105600BA8D3E = {
						CreatedOnToolsVersion = 12.4;
					};
					A15857AD26BADC8600BA8D3E = {
						CreatedOnToolsVersion = 12.4;
					};
				};
			};
			buildConfigurationList = A158570B26B197FA00BA8D3E /* Build configuration list for PBXProject "SwiftAlgorithm" */;
			compatibilityVersion = "Xcode 9.3";
			developmentRegion = en;
			hasScannedForEncodings = 0;
			knownRegions = (
				en,
				Base,
			);
			mainGroup = A158570726B197FA00BA8D3E;
			productRefGroup = A158571126B197FA00BA8D3E /* Products */;
			projectDirPath = "";
			projectRoot = "";
			targets = (
				A158570F26B197FA00BA8D3E /* SwiftAlgorithm */,
				A158571E26B1981800BA8D3E /* Assignment1-Evaluation */,
				A158572F26B4105600BA8D3E /* MiniProject1-Crawl */,
				A15857AD26BADC8600BA8D3E /* QuickSort */,
			);
		};
/* End PBXProject section */

/* Begin PBXSourcesBuildPhase section */
		A158570C26B197FA00BA8D3E /* Sources */ = {
			isa = PBXSourcesBuildPhase;
			buildActionMask = 2147483647;
			files = (
				A158571426B197FA00BA8D3E /* main.swift in Sources */,
			);
			runOnlyForDeploymentPostprocessing = 0;
		};
		A158571B26B1981800BA8D3E /* Sources */ = {
			isa = PBXSourcesBuildPhase;
			buildActionMask = 2147483647;
			files = (
				A158572226B1981800BA8D3E /* main.swift in Sources */,
				A158572926B1983700BA8D3E /* String+DPStringTool.swift in Sources */,
			);
			runOnlyForDeploymentPostprocessing = 0;
		};
		A158572C26B4105600BA8D3E /* Sources */ = {
			isa = PBXSourcesBuildPhase;
			buildActionMask = 2147483647;
			files = (
				A158574126B9629000BA8D3E /* CrawlHelper.swift in Sources */,
				A158573326B4105600BA8D3E /* main.swift in Sources */,
			);
			runOnlyForDeploymentPostprocessing = 0;
		};
		A15857AA26BADC8600BA8D3E /* Sources */ = {
			isa = PBXSourcesBuildPhase;
			buildActionMask = 2147483647;
			files = (
				A15857B126BADC8600BA8D3E /* main.swift in Sources */,
				A15857BA26BADC9F00BA8D3E /* QuickSort.swift in Sources */,
			);
			runOnlyForDeploymentPostprocessing = 0;
		};
/* End PBXSourcesBuildPhase section */

/* Begin XCBuildConfiguration section */
		A158571526B197FA00BA8D3E /* Debug */ = {
			isa = XCBuildConfiguration;
			buildSettings = {
				ALWAYS_SEARCH_USER_PATHS = NO;
				CLANG_ANALYZER_NONNULL = YES;
				CLANG_ANALYZER_NUMBER_OBJECT_CONVERSION = YES_AGGRESSIVE;
				CLANG_CXX_LANGUAGE_STANDARD = "gnu++14";
				CLANG_CXX_LIBRARY = "libc++";
				CLANG_ENABLE_MODULES = YES;
				CLANG_ENABLE_OBJC_ARC = YES;
				CLANG_ENABLE_OBJC_WEAK = YES;
				CLANG_WARN_BLOCK_CAPTURE_AUTORELEASING = YES;
				CLANG_WARN_BOOL_CONVERSION = YES;
				CLANG_WARN_COMMA = YES;
				CLANG_WARN_CONSTANT_CONVERSION = YES;
				CLANG_WARN_DEPRECATED_OBJC_IMPLEMENTATIONS = YES;
				CLANG_WARN_DIRECT_OBJC_ISA_USAGE = YES_ERROR;
				CLANG_WARN_DOCUMENTATION_COMMENTS = YES;
				CLANG_WARN_EMPTY_BODY = YES;
				CLANG_WARN_ENUM_CONVERSION = YES;
				CLANG_WARN_INFINITE_RECURSION = YES;
				CLANG_WARN_INT_CONVERSION = YES;
				CLANG_WARN_NON_LITERAL_NULL_CONVERSION = YES;
				CLANG_WARN_OBJC_IMPLICIT_RETAIN_SELF = YES;
				CLANG_WARN_OBJC_LITERAL_CONVERSION = YES;
				CLANG_WARN_OBJC_ROOT_CLASS = YES_ERROR;
				CLANG_WARN_QUOTED_INCLUDE_IN_FRAMEWORK_HEADER = YES;
				CLANG_WARN_RANGE_LOOP_ANALYSIS = YES;
				CLANG_WARN_STRICT_PROTOTYPES = YES;
				CLANG_WARN_SUSPICIOUS_MOVE = YES;
				CLANG_WARN_UNGUARDED_AVAILABILITY = YES_AGGRESSIVE;
				CLANG_WARN_UNREACHABLE_CODE = YES;
				CLANG_WARN__DUPLICATE_METHOD_MATCH = YES;
				COPY_PHASE_STRIP = NO;
				DEBUG_INFORMATION_FORMAT = dwarf;
				ENABLE_STRICT_OBJC_MSGSEND = YES;
				ENABLE_TESTABILITY = YES;
				GCC_C_LANGUAGE_STANDARD = gnu11;
				GCC_DYNAMIC_NO_PIC = NO;
				GCC_NO_COMMON_BLOCKS = YES;
				GCC_OPTIMIZATION_LEVEL = 0;
				GCC_PREPROCESSOR_DEFINITIONS = (
					"DEBUG=1",
					"$(inherited)",
				);
				GCC_WARN_64_TO_32_BIT_CONVERSION = YES;
				GCC_WARN_ABOUT_RETURN_TYPE = YES_ERROR;
				GCC_WARN_UNDECLARED_SELECTOR = YES;
				GCC_WARN_UNINITIALIZED_AUTOS = YES_AGGRESSIVE;
				GCC_WARN_UNUSED_FUNCTION = YES;
				GCC_WARN_UNUSED_VARIABLE = YES;
				MACOSX_DEPLOYMENT_TARGET = 11.1;
				MTL_ENABLE_DEBUG_INFO = INCLUDE_SOURCE;
				MTL_FAST_MATH = YES;
				ONLY_ACTIVE_ARCH = YES;
				SDKROOT = macosx;
				SWIFT_ACTIVE_COMPILATION_CONDITIONS = DEBUG;
				SWIFT_OPTIMIZATION_LEVEL = "-Onone";
			};
			name = Debug;
		};
		A158571626B197FA00BA8D3E /* Release */ = {
			isa = XCBuildConfiguration;
			buildSettings = {
				ALWAYS_SEARCH_USER_PATHS = NO;
				CLANG_ANALYZER_NONNULL = YES;
				CLANG_ANALYZER_NUMBER_OBJECT_CONVERSION = YES_AGGRESSIVE;
				CLANG_CXX_LANGUAGE_STANDARD = "gnu++14";
				CLANG_CXX_LIBRARY = "libc++";
				CLANG_ENABLE_MODULES = YES;
				CLANG_ENABLE_OBJC_ARC = YES;
				CLANG_ENABLE_OBJC_WEAK = YES;
				CLANG_WARN_BLOCK_CAPTURE_AUTORELEASING = YES;
				CLANG_WARN_BOOL_CONVERSION = YES;
				CLANG_WARN_COMMA = YES;
				CLANG_WARN_CONSTANT_CONVERSION = YES;
				CLANG_WARN_DEPRECATED_OBJC_IMPLEMENTATIONS = YES;
				CLANG_WARN_DIRECT_OBJC_ISA_USAGE = YES_ERROR;
				CLANG_WARN_DOCUMENTATION_COMMENTS = YES;
				CLANG_WARN_EMPTY_BODY = YES;
				CLANG_WARN_ENUM_CONVERSION = YES;
				CLANG_WARN_INFINITE_RECURSION = YES;
				CLANG_WARN_INT_CONVERSION = YES;
				CLANG_WARN_NON_LITERAL_NULL_CONVERSION = YES;
				CLANG_WARN_OBJC_IMPLICIT_RETAIN_SELF = YES;
				CLANG_WARN_OBJC_LITERAL_CONVERSION = YES;
				CLANG_WARN_OBJC_ROOT_CLASS = YES_ERROR;
				CLANG_WARN_QUOTED_INCLUDE_IN_FRAMEWORK_HEADER = YES;
				CLANG_WARN_RANGE_LOOP_ANALYSIS = YES;
				CLANG_WARN_STRICT_PROTOTYPES = YES;
				CLANG_WARN_SUSPICIOUS_MOVE = YES;
				CLANG_WARN_UNGUARDED_AVAILABILITY = YES_AGGRESSIVE;
				CLANG_WARN_UNREACHABLE_CODE = YES;
				CLANG_WARN__DUPLICATE_METHOD_MATCH = YES;
				COPY_PHASE_STRIP = NO;
				DEBUG_INFORMATION_FORMAT = "dwarf-with-dsym";
				ENABLE_NS_ASSERTIONS = NO;
				ENABLE_STRICT_OBJC_MSGSEND = YES;
				GCC_C_LANGUAGE_STANDARD = gnu11;
				GCC_NO_COMMON_BLOCKS = YES;
				GCC_WARN_64_TO_32_BIT_CONVERSION = YES;
				GCC_WARN_ABOUT_RETURN_TYPE = YES_ERROR;
				GCC_WARN_UNDECLARED_SELECTOR = YES;
				GCC_WARN_UNINITIALIZED_AUTOS = YES_AGGRESSIVE;
				GCC_WARN_UNUSED_FUNCTION = YES;
				GCC_WARN_UNUSED_VARIABLE = YES;
				MACOSX_DEPLOYMENT_TARGET = 11.1;
				MTL_ENABLE_DEBUG_INFO = NO;
				MTL_FAST_MATH = YES;
				SDKROOT = macosx;
				SWIFT_COMPILATION_MODE = wholemodule;
				SWIFT_OPTIMIZATION_LEVEL = "-O";
			};
			name = Release;
		};
		A158571826B197FA00BA8D3E /* Debug */ = {
			isa = XCBuildConfiguration;
			buildSettings = {
				CODE_SIGN_STYLE = Automatic;
				PRODUCT_NAME = "$(TARGET_NAME)";
				SWIFT_VERSION = 5.0;
			};
			name = Debug;
		};
		A158571926B197FA00BA8D3E /* Release */ = {
			isa = XCBuildConfiguration;
			buildSettings = {
				CODE_SIGN_STYLE = Automatic;
				PRODUCT_NAME = "$(TARGET_NAME)";
				SWIFT_VERSION = 5.0;
			};
			name = Release;
		};
		A158572426B1981800BA8D3E /* Debug */ = {
			isa = XCBuildConfiguration;
			buildSettings = {
				CODE_SIGN_STYLE = Automatic;
				PRODUCT_NAME = "$(TARGET_NAME)";
				SWIFT_VERSION = 5.0;
			};
			name = Debug;
		};
		A158572526B1981800BA8D3E /* Release */ = {
			isa = XCBuildConfiguration;
			buildSettings = {
				CODE_SIGN_STYLE = Automatic;
				PRODUCT_NAME = "$(TARGET_NAME)";
				SWIFT_VERSION = 5.0;
			};
			name = Release;
		};
		A158573526B4105600BA8D3E /* Debug */ = {
			isa = XCBuildConfiguration;
			buildSettings = {
				CODE_SIGN_STYLE = Automatic;
				PRODUCT_NAME = "$(TARGET_NAME)";
				SWIFT_VERSION = 5.0;
			};
			name = Debug;
		};
		A158573626B4105600BA8D3E /* Release */ = {
			isa = XCBuildConfiguration;
			buildSettings = {
				CODE_SIGN_STYLE = Automatic;
				PRODUCT_NAME = "$(TARGET_NAME)";
				SWIFT_VERSION = 5.0;
			};
			name = Release;
		};
		A15857B326BADC8600BA8D3E /* Debug */ = {
			isa = XCBuildConfiguration;
			buildSettings = {
				CODE_SIGN_STYLE = Automatic;
				PRODUCT_NAME = "$(TARGET_NAME)";
				SWIFT_VERSION = 5.0;
			};
			name = Debug;
		};
		A15857B426BADC8600BA8D3E /* Release */ = {
			isa = XCBuildConfiguration;
			buildSettings = {
				CODE_SIGN_STYLE = Automatic;
				PRODUCT_NAME = "$(TARGET_NAME)";
				SWIFT_VERSION = 5.0;
			};
			name = Release;
		};
/* End XCBuildConfiguration section */

/* Begin XCConfigurationList section */
		A158570B26B197FA00BA8D3E /* Build configuration list for PBXProject "SwiftAlgorithm" */ = {
			isa = XCConfigurationList;
			buildConfigurations = (
				A158571526B197FA00BA8D3E /* Debug */,
				A158571626B197FA00BA8D3E /* Release */,
			);
			defaultConfigurationIsVisible = 0;
			defaultConfigurationName = Release;
		};
		A158571726B197FA00BA8D3E /* Build configuration list for PBXNativeTarget "SwiftAlgorithm" */ = {
			isa = XCConfigurationList;
			buildConfigurations = (
				A158571826B197FA00BA8D3E /* Debug */,
				A158571926B197FA00BA8D3E /* Release */,
			);
			defaultConfigurationIsVisible = 0;
			defaultConfigurationName = Release;
		};
		A158572326B1981800BA8D3E /* Build configuration list for PBXNativeTarget "Assignment1-Evaluation" */ = {
			isa = XCConfigurationList;
			buildConfigurations = (
				A158572426B1981800BA8D3E /* Debug */,
				A158572526B1981800BA8D3E /* Release */,
			);
			defaultConfigurationIsVisible = 0;
			defaultConfigurationName = Release;
		};
		A158573426B4105600BA8D3E /* Build configuration list for PBXNativeTarget "MiniProject1-Crawl" */ = {
			isa = XCConfigurationList;
			buildConfigurations = (
				A158573526B4105600BA8D3E /* Debug */,
				A158573626B4105600BA8D3E /* Release */,
			);
			defaultConfigurationIsVisible = 0;
			defaultConfigurationName = Release;
		};
		A15857B226BADC8600BA8D3E /* Build configuration list for PBXNativeTarget "QuickSort" */ = {
			isa = XCConfigurationList;
			buildConfigurations = (
				A15857B326BADC8600BA8D3E /* Debug */,
				A15857B426BADC8600BA8D3E /* Release */,
			);
			defaultConfigurationIsVisible = 0;
			defaultConfigurationName = Release;
		};
/* End XCConfigurationList section */
	};
	rootObject = A158570826B197FA00BA8D3E /* Project object */;
}
